# This file was autogenerated by Stack.
# You should not edit this file by hand.
# For more information, please see the documentation at:
#   https://docs.haskellstack.org/en/stable/lock_files

packages:
- completed:
    hackage: dhall-1.28.0@sha256:a0b38be83ab76c59adf6d67868b9b183591edc68d2c3727d38598ddc12c36c95,31625
    pantry-tree:
      size: 241424
      sha256: 8c92a349408edf2c72760025740b4950cd0a1d2ce0ba393333332c1bbc469967
  original:
    hackage: dhall-1.28.0
snapshots:
- completed:
    size: 524804
    url: https://raw.githubusercontent.com/commercialhaskell/stackage-snapshots/master/lts/14/16.yaml
    sha256: 4d1519a4372d051d47a5eae2241cf3fb54e113d7475f89707ddb6ec06add2888
  original: lts-14.16
